<?xml version="1.0" encoding="utf-8"?>
<Project ToolsVersion="4.0" xmlns="http://schemas.microsoft.com/developer/msbuild/2003">
  <ItemGroup>
    <Filter Include="General">
      <UniqueIdentifier>{4FC737F1-C7A5-4376-A066-2A32D752A2FF}</UniqueIdentifier>
      <Extensions>cpp;c;cc;cxx;def;odl;idl;hpj;bat;asm;asmx</Extensions>
    </Filter>
    <Filter Include="General\Gameplay">
      <UniqueIdentifier>{c43b8816-9120-4aea-8e4e-1a5bc0e43a86}</UniqueIdentifier>
    </Filter>
    <Filter Include="General\Framework">
      <UniqueIdentifier>{dcb6af98-8328-44b4-9510-7ad7fffbcdc1}</UniqueIdentifier>
    </Filter>
    <Filter Include="General\Input">
      <UniqueIdentifier>{a97c4648-1292-458d-b4fd-0a9207061810}</UniqueIdentifier>
    </Filter>
  </ItemGroup>
  <ItemGroup>
    <ClInclude Include="Framework\App.hpp">
      <Filter>General\Framework</Filter>
    </ClInclude>
    <ClInclude Include="Framework\GameCommon.hpp">
      <Filter>General\Framework</Filter>
    </ClInclude>
    <ClInclude Include="Gameplay\Game.hpp">
      <Filter>General\Gameplay</Filter>
    </ClInclude>
    <ClInclude Include="EngineBuildPreferences.hpp">
      <Filter>General</Filter>
    </ClInclude>
    <ClInclude Include="Input\GameInput.hpp">
      <Filter>General\Input</Filter>
    </ClInclude>
    <ClInclude Include="Gameplay\ConwaysGameOfLife.hpp">
      <Filter>General\Gameplay</Filter>
    </ClInclude>
  </ItemGroup>
  <ItemGroup>
    <ClCompile Include="Framework\Main_Windows.cpp">
      <Filter>General\Framework</Filter>
    </ClCompile>
    <ClCompile Include="Framework\App.cpp">
      <Filter>General\Framework</Filter>
    </ClCompile>
    <ClCompile Include="Gameplay\Game.cpp">
      <Filter>General\Gameplay</Filter>
    </ClCompile>
    <ClCompile Include="Input\GameInput.cpp">
      <Filter>General\Input</Filter>
    </ClCompile>
    <ClCompile Include="Gameplay\ConwaysGameOfLife.cpp">
      <Filter>General\Gameplay</Filter>
    </ClCompile>
  </ItemGroup>
</Project>